
Microsoft Visual Studio Solution File, Format Version 11.00
# Visual Studio 2010
Project("{8BC9CEB8-8B4A-11D0-8D11-00A0C91BC942}") = "FTech_Coaxlink", "FTech_Coaxlink\FTech_Coaxlink.vcxproj", "{B1028D8D-E9B5-4500-8082-AD24D45DB2DB}"
EndProject
Global
	GlobalSection(SubversionScc) = preSolution
		Svn-Managed = True
		Manager = AnkhSVN - Subversion Support for Visual Studio
	EndGlobalSection
	GlobalSection(SolutionConfigurationPlatforms) = preSolution
		Debug|Win32 = Debug|Win32
		Debug|x64 = Debug|x64
		Release|Win32 = Release|Win32
		Release|x64 = Release|x64
	EndGlobalSection
	GlobalSection(ProjectConfigurationPlatforms) = postSolution
		{B1028D8D-E9B5-4500-8082-AD24D45DB2DB}.Debug|Win32.ActiveCfg = Debug|x64
		{B1028D8D-E9B5-4500-8082-AD24D45DB2DB}.Debug|Win32.Build.0 = Debug|x64
		{B1028D8D-E9B5-4500-8082-AD24D45DB2DB}.Debug|x64.ActiveCfg = Debug|x64
		{B1028D8D-E9B5-4500-8082-AD24D45DB2DB}.Debug|x64.Build.0 = Debug|x64
		{B1028D8D-E9B5-4500-8082-AD24D45DB2DB}.Release|Win32.ActiveCfg = Release|Win32
		{B1028D8D-E9B5-4500-8082-AD24D45DB2DB}.Release|Win32.Build.0 = Release|Win32
		{B1028D8D-E9B5-4500-8082-AD24D45DB2DB}.Release|x64.ActiveCfg = Release|x64
		{B1028D8D-E9B5-4500-8082-AD24D45DB2DB}.Release|x64.Build.0 = Release|x64
	EndGlobalSection
	GlobalSection(SolutionProperties) = preSolution
		HideSolutionNode = FALSE
	EndGlobalSection
EndGlobal
